
Microsoft Visual Studio Solution File, Format Version 12.00
# Visual Studio 15
VisualStudioVersion = 15.0.28307.136
MinimumVisualStudioVersion = 10.0.40219.1
Project("{FAE04EC0-301F-11D3-BF4B-00C04F79EFBC}") = "DH.Net", "DH.Net\DH.Net.csproj", "{035CFDC8-C829-40BB-BD81-737A6784E148}"
EndProject
Global
	GlobalSection(SolutionConfigurationPlatforms) = preSolution
		Debug|Any CPU = Debug|Any CPU
		Release|Any CPU = Release|Any CPU
	EndGlobalSection
	GlobalSection(ProjectConfigurationPlatforms) = postSolution
		{035CFDC8-C829-40BB-BD81-737A6784E148}.Debug|Any CPU.ActiveCfg = Debug|Any CPU
		{035CFDC8-C829-40BB-BD81-737A6784E148}.Debug|Any CPU.Build.0 = Debug|Any CPU
		{035CFDC8-C829-40BB-BD81-737A6784E148}.Release|Any CPU.ActiveCfg = Release|Any CPU
		{035CFDC8-C829-40BB-BD81-737A6784E148}.Release|Any CPU.Build.0 = Release|Any CPU
	EndGlobalSection
	GlobalSection(SolutionProperties) = preSolution
		HideSolutionNode = FALSE
	EndGlobalSection
	GlobalSection(ExtensibilityGlobals) = postSolution
		SolutionGuid = {592A9A6F-48DF-437B-9C03-6F672378CBE6}
	EndGlobalSection
EndGlobal
